
Microsoft Visual Studio Solution File, Format Version 12.00
# Visual Studio Version 16
VisualStudioVersion = 16.0.33423.256
MinimumVisualStudioVersion = 10.0.40219.1
Project("{FAE04EC0-301F-11D3-BF4B-00C04F79EFBC}") = "LATIHANMEMBUATCRUD", "LATIHANMEMBUATCRUD\LATIHANMEMBUATCRUD.csproj", "{1093B98E-DBA2-42AC-A317-67C60CDC2466}"
EndProject
Global
	GlobalSection(SolutionConfigurationPlatforms) = preSolution
		Debug|Any CPU = Debug|Any CPU
		Release|Any CPU = Release|Any CPU
	EndGlobalSection
	GlobalSection(ProjectConfigurationPlatforms) = postSolution
		{1093B98E-DBA2-42AC-A317-67C60CDC2466}.Debug|Any CPU.ActiveCfg = Debug|Any CPU
		{1093B98E-DBA2-42AC-A317-67C60CDC2466}.Debug|Any CPU.Build.0 = Debug|Any CPU
		{1093B98E-DBA2-42AC-A317-67C60CDC2466}.Release|Any CPU.ActiveCfg = Release|Any CPU
		{1093B98E-DBA2-42AC-A317-67C60CDC2466}.Release|Any CPU.Build.0 = Release|Any CPU
	EndGlobalSection
	GlobalSection(SolutionProperties) = preSolution
		HideSolutionNode = FALSE
	EndGlobalSection
	GlobalSection(ExtensibilityGlobals) = postSolution
		SolutionGuid = {09489941-6464-4A91-8AA6-931AEA74AE98}
	EndGlobalSection
EndGlobal
